
Microsoft Visual Studio Solution File, Format Version 12.00
# Visual Studio Version 16
VisualStudioVersion = 16.0.29728.190
MinimumVisualStudioVersion = 10.0.40219.1
Project("{FAE04EC0-301F-11D3-BF4B-00C04F79EFBC}") = "Assignment2", "Assignment2\Assignment2.csproj", "{FAB24DC1-557F-4A19-B8A9-7F7F31446CC6}"
EndProject
Global
	GlobalSection(SolutionConfigurationPlatforms) = preSolution
		Debug|Any CPU = Debug|Any CPU
		Release|Any CPU = Release|Any CPU
	EndGlobalSection
	GlobalSection(ProjectConfigurationPlatforms) = postSolution
		{FAB24DC1-557F-4A19-B8A9-7F7F31446CC6}.Debug|Any CPU.ActiveCfg = Debug|Any CPU
		{FAB24DC1-557F-4A19-B8A9-7F7F31446CC6}.Debug|Any CPU.Build.0 = Debug|Any CPU
		{FAB24DC1-557F-4A19-B8A9-7F7F31446CC6}.Release|Any CPU.ActiveCfg = Release|Any CPU
		{FAB24DC1-557F-4A19-B8A9-7F7F31446CC6}.Release|Any CPU.Build.0 = Release|Any CPU
	EndGlobalSection
	GlobalSection(SolutionProperties) = preSolution
		HideSolutionNode = FALSE
	EndGlobalSection
	GlobalSection(ExtensibilityGlobals) = postSolution
		SolutionGuid = {54FC7932-7DA6-4E01-BEFF-6F99287967A7}
	EndGlobalSection
EndGlobal
